{
  "name": "example-npm",
  "version": "1.0.0",
  "lockfileVersion": 3,
  "requires": true,
  "packages": {
    "": {
      "name": "example-npm",
      "version": "1.0.0",
      "license": "ISC",
      "dependencies": {
        "reverse-the-string": "^1.0.1"
      }
    },
    "node_modules/reverse-the-string": {
      "version": "1.0.1",
      "resolved": "https://registry.npmjs.org/reverse-the-string/-/reverse-the-string-1.0.1.tgz",
      "integrity": "sha512-d7QbGUKHQLR5t71bKbRwy+N9Vzu+0dRZS0Njo9e1LBdJkswPaCxOiZ4xnzKGlWiJjwgRvUz2mFx1OvtuVRXU3A=="
    }
  }
}
